// !$*UTF8*$!
{
	archiveVersion = 1;
	classes = {
	};
	objectVersion = 46;
	objects = {

/* Begin PBXBuildFile section */
		14941A491546CA8C800DAD92 /* libPods.a in Frameworks */ = {isa = PBXBuildFile; fileRef = 9BCE2C9AA31A7EC15EC0F13C /* libPods.a */; };
		2F8E90341B1578CD008ADC29 /* RegisterViewController.m in Sources */ = {isa = PBXBuildFile; fileRef = 2F8E90321B1578CD008ADC29 /* RegisterViewController.m */; };
		2F8E90351B1578CD008ADC29 /* RegisterViewController.xib in Resources */ = {isa = PBXBuildFile; fileRef = 2F8E90331B1578CD008ADC29 /* RegisterViewController.xib */; };
		2F8E90391B15A54C008ADC29 /* LoginViewController.m in Sources */ = {isa = PBXBuildFile; fileRef = 2F8E90371B15A54C008ADC29 /* LoginViewController.m */; };
		2F8E903A1B15A54C008ADC29 /* LoginViewController.xib in Resources */ = {isa = PBXBuildFile; fileRef = 2F8E90381B15A54C008ADC29 /* LoginViewController.xib */; };
		2FBD0A961B18474200DACE11 /* UserInfo.m in Sources */ = {isa = PBXBuildFile; fileRef = 2FBD0A951B18474200DACE11 /* UserInfo.m */; };
		2FD3E0981AE9F1C200F1A02E /* main.m in Sources */ = {isa = PBXBuildFile; fileRef = 2FD3E0971AE9F1C200F1A02E /* main.m */; };
		2FD3E09B1AE9F1C200F1A02E /* AppDelegate.m in Sources */ = {isa = PBXBuildFile; fileRef = 2FD3E09A1AE9F1C200F1A02E /* AppDelegate.m */; };
		2FD3E09E1AE9F1C300F1A02E /* ViewController.m in Sources */ = {isa = PBXBuildFile; fileRef = 2FD3E09D1AE9F1C300F1A02E /* ViewController.m */; };
		2FD3E0A11AE9F1C300F1A02E /* Main.storyboard in Resources */ = {isa = PBXBuildFile; fileRef = 2FD3E09F1AE9F1C300F1A02E /* Main.storyboard */; };
		2FD3E0A31AE9F1C300F1A02E /* Images.xcassets in Resources */ = {isa = PBXBuildFile; fileRef = 2FD3E0A21AE9F1C300F1A02E /* Images.xcassets */; };
		2FD3E0A61AE9F1C300F1A02E /* LaunchScreen.xib in Resources */ = {isa = PBXBuildFile; fileRef = 2FD3E0A41AE9F1C300F1A02E /* LaunchScreen.xib */; };
		2FD3E0B21AE9F1C300F1A02E /* SixthTests.m in Sources */ = {isa = PBXBuildFile; fileRef = 2FD3E0B11AE9F1C300F1A02E /* SixthTests.m */; };
/* End PBXBuildFile section */

/* Begin PBXContainerItemProxy section */
		2FD3E0AC1AE9F1C300F1A02E /* PBXContainerItemProxy */ = {
			isa = PBXContainerItemProxy;
			containerPortal = 2FD3E08A1AE9F1C200F1A02E /* Project object */;
			proxyType = 1;
			remoteGlobalIDString = 2FD3E0911AE9F1C200F1A02E;
			remoteInfo = Sixth;
		};
/* End PBXContainerItemProxy section */

/* Begin PBXFileReference section */
		2F8E90311B1578CD008ADC29 /* RegisterViewController.h */ = {isa = PBXFileReference; fileEncoding = 4; lastKnownFileType = sourcecode.c.h; path = RegisterViewController.h; sourceTree = "<group>"; };
		2F8E90321B1578CD008ADC29 /* RegisterViewController.m */ = {isa = PBXFileReference; fileEncoding = 4; lastKnownFileType = sourcecode.c.objc; path = RegisterViewController.m; sourceTree = "<group>"; };
		2F8E90331B1578CD008ADC29 /* RegisterViewController.xib */ = {isa = PBXFileReference; fileEncoding = 4; lastKnownFileType = file.xib; path = RegisterViewController.xib; sourceTree = "<group>"; };
		2F8E90361B15A54C008ADC29 /* LoginViewController.h */ = {isa = PBXFileReference; fileEncoding = 4; lastKnownFileType = sourcecode.c.h; path = LoginViewController.h; sourceTree = "<group>"; };
		2F8E90371B15A54C008ADC29 /* LoginViewController.m */ = {isa = PBXFileReference; fileEncoding = 4; lastKnownFileType = sourcecode.c.objc; path = LoginViewController.m; sourceTree = "<group>"; };
		2F8E90381B15A54C008ADC29 /* LoginViewController.xib */ = {isa = PBXFileReference; fileEncoding = 4; lastKnownFileType = file.xib; path = LoginViewController.xib; sourceTree = "<group>"; };
		2FBD0A941B18474200DACE11 /* UserInfo.h */ = {isa = PBXFileReference; fileEncoding = 4; lastKnownFileType = sourcecode.c.h; path = UserInfo.h; sourceTree = "<group>"; };
		2FBD0A951B18474200DACE11 /* UserInfo.m */ = {isa = PBXFileReference; fileEncoding = 4; lastKnownFileType = sourcecode.c.objc; path = UserInfo.m; sourceTree = "<group>"; };
		2FD3E0921AE9F1C200F1A02E /* Sixth.app */ = {isa = PBXFileReference; explicitFileType = wrapper.application; includeInIndex = 0; path = Sixth.app; sourceTree = BUILT_PRODUCTS_DIR; };
		2FD3E0961AE9F1C200F1A02E /* Info.plist */ = {isa = PBXFileReference; lastKnownFileType = text.plist.xml; path = Info.plist; sourceTree = "<group>"; };
		2FD3E0971AE9F1C200F1A02E /* main.m */ = {isa = PBXFileReference; lastKnownFileType = sourcecode.c.objc; path = main.m; sourceTree = "<group>"; };
		2FD3E0991AE9F1C200F1A02E /* AppDelegate.h */ = {isa = PBXFileReference; lastKnownFileType = sourcecode.c.h; path = AppDelegate.h; sourceTree = "<group>"; };
		2FD3E09A1AE9F1C200F1A02E /* AppDelegate.m */ = {isa = PBXFileReference; lastKnownFileType = sourcecode.c.objc; path = AppDelegate.m; sourceTree = "<group>"; };
		2FD3E09C1AE9F1C200F1A02E /* ViewController.h */ = {isa = PBXFileReference; lastKnownFileType = sourcecode.c.h; path = ViewController.h; sourceTree = "<group>"; };
		2FD3E09D1AE9F1C300F1A02E /* ViewController.m */ = {isa = PBXFileReference; lastKnownFileType = sourcecode.c.objc; path = ViewController.m; sourceTree = "<group>"; };
		2FD3E0A01AE9F1C300F1A02E /* Base */ = {isa = PBXFileReference; lastKnownFileType = file.storyboard; name = Base; path = Base.lproj/Main.storyboard; sourceTree = "<group>"; };
		2FD3E0A21AE9F1C300F1A02E /* Images.xcassets */ = {isa = PBXFileReference; lastKnownFileType = folder.assetcatalog; path = Images.xcassets; sourceTree = "<group>"; };
		2FD3E0A51AE9F1C300F1A02E /* Base */ = {isa = PBXFileReference; lastKnownFileType = file.xib; name = Base; path = Base.lproj/LaunchScreen.xib; sourceTree = "<group>"; };
		2FD3E0AB1AE9F1C300F1A02E /* SixthTests.xctest */ = {isa = PBXFileReference; explicitFileType = wrapper.cfbundle; includeInIndex = 0; path = SixthTests.xctest; sourceTree = BUILT_PRODUCTS_DIR; };
		2FD3E0B01AE9F1C300F1A02E /* Info.plist */ = {isa = PBXFileReference; lastKnownFileType = text.plist.xml; path = Info.plist; sourceTree = "<group>"; };
		2FD3E0B11AE9F1C300F1A02E /* SixthTests.m */ = {isa = PBXFileReference; lastKnownFileType = sourcecode.c.objc; path = SixthTests.m; sourceTree = "<group>"; };
		4CBDE850846716D58765EAAB /* Pods.release.xcconfig */ = {isa = PBXFileReference; includeInIndex = 1; lastKnownFileType = text.xcconfig; name = Pods.release.xcconfig; path = "Pods/Target Support Files/Pods/Pods.release.xcconfig"; sourceTree = "<group>"; };
		9BCE2C9AA31A7EC15EC0F13C /* libPods.a */ = {isa = PBXFileReference; explicitFileType = archive.ar; includeInIndex = 0; path = libPods.a; sourceTree = BUILT_PRODUCTS_DIR; };
		C7F4DB604E247CB3D49DB5DC /* Pods.debug.xcconfig */ = {isa = PBXFileReference; includeInIndex = 1; lastKnownFileType = text.xcconfig; name = Pods.debug.xcconfig; path = "Pods/Target Support Files/Pods/Pods.debug.xcconfig"; sourceTree = "<group>"; };
/* End PBXFileReference section */

/* Begin PBXFrameworksBuildPhase section */
		2FD3E08F1AE9F1C200F1A02E /* Frameworks */ = {
			isa = PBXFrameworksBuildPhase;
			buildActionMask = 2147483647;
			files = (
				14941A491546CA8C800DAD92 /* libPods.a in Frameworks */,
			);
			runOnlyForDeploymentPostprocessing = 0;
		};
		2FD3E0A81AE9F1C300F1A02E /* Frameworks */ = {
			isa = PBXFrameworksBuildPhase;
			buildActionMask = 2147483647;
			files = (
			);
			runOnlyForDeploymentPostprocessing = 0;
		};
/* End PBXFrameworksBuildPhase section */

/* Begin PBXGroup section */
		2F8E902C1B157783008ADC29 /* Controller */ = {
			isa = PBXGroup;
			children = (
				2F8E90311B1578CD008ADC29 /* RegisterViewController.h */,
				2F8E90321B1578CD008ADC29 /* RegisterViewController.m */,
				2F8E90331B1578CD008ADC29 /* RegisterViewController.xib */,
				2F8E90361B15A54C008ADC29 /* LoginViewController.h */,
				2F8E90371B15A54C008ADC29 /* LoginViewController.m */,
				2F8E90381B15A54C008ADC29 /* LoginViewController.xib */,
			);
			path = Controller;
			sourceTree = "<group>";
		};
		2F8E902D1B157783008ADC29 /* Model */ = {
			isa = PBXGroup;
			children = (
				2FBD0A941B18474200DACE11 /* UserInfo.h */,
				2FBD0A951B18474200DACE11 /* UserInfo.m */,
			);
			path = Model;
			sourceTree = "<group>";
		};
		2F8E902E1B157783008ADC29 /* OpenSource */ = {
			isa = PBXGroup;
			children = (
			);
			path = OpenSource;
			sourceTree = "<group>";
		};
		2F8E902F1B157783008ADC29 /* Resources */ = {
			isa = PBXGroup;
			children = (
			);
			path = Resources;
			sourceTree = "<group>";
		};
		2F8E90301B157783008ADC29 /* View */ = {
			isa = PBXGroup;
			children = (
			);
			path = View;
			sourceTree = "<group>";
		};
		2FD3E0891AE9F1C200F1A02E = {
			isa = PBXGroup;
			children = (
				2FD3E0941AE9F1C200F1A02E /* Sixth */,
				2FD3E0AE1AE9F1C300F1A02E /* SixthTests */,
				2FD3E0931AE9F1C200F1A02E /* Products */,
				92D5F9BD6DE11AC9C0865404 /* Pods */,
				7055055BC13E533722448A5D /* Frameworks */,
			);
			sourceTree = "<group>";
		};
		2FD3E0931AE9F1C200F1A02E /* Products */ = {
			isa = PBXGroup;
			children = (
				2FD3E0921AE9F1C200F1A02E /* Sixth.app */,
				2FD3E0AB1AE9F1C300F1A02E /* SixthTests.xctest */,
			);
			name = Products;
			sourceTree = "<group>";
		};
		2FD3E0941AE9F1C200F1A02E /* Sixth */ = {
			isa = PBXGroup;
			children = (
				2FD3E0991AE9F1C200F1A02E /* AppDelegate.h */,
				2FD3E09A1AE9F1C200F1A02E /* AppDelegate.m */,
				2FD3E09C1AE9F1C200F1A02E /* ViewController.h */,
				2FD3E09D1AE9F1C300F1A02E /* ViewController.m */,
				2FD3E09F1AE9F1C300F1A02E /* Main.storyboard */,
				2FD3E0A21AE9F1C300F1A02E /* Images.xcassets */,
				2FD3E0A41AE9F1C300F1A02E /* LaunchScreen.xib */,
				2F8E902D1B157783008ADC29 /* Model */,
				2F8E902C1B157783008ADC29 /* Controller */,
				2F8E90301B157783008ADC29 /* View */,
				2F8E902E1B157783008ADC29 /* OpenSource */,
				2F8E902F1B157783008ADC29 /* Resources */,
				2FD3E0951AE9F1C200F1A02E /* Supporting Files */,
			);
			path = Sixth;
			sourceTree = "<group>";
		};
		2FD3E0951AE9F1C200F1A02E /* Supporting Files */ = {
			isa = PBXGroup;
			children = (
				2FD3E0961AE9F1C200F1A02E /* Info.plist */,
				2FD3E0971AE9F1C200F1A02E /* main.m */,
			);
			name = "Supporting Files";
			sourceTree = "<group>";
		};
		2FD3E0AE1AE9F1C300F1A02E /* SixthTests */ = {
			isa = PBXGroup;
			children = (
				2FD3E0B11AE9F1C300F1A02E /* SixthTests.m */,
				2FD3E0AF1AE9F1C300F1A02E /* Supporting Files */,
			);
			path = SixthTests;
			sourceTree = "<group>";
		};
		2FD3E0AF1AE9F1C300F1A02E /* Supporting Files */ = {
			isa = PBXGroup;
			children = (
				2FD3E0B01AE9F1C300F1A02E /* Info.plist */,
			);
			name = "Supporting Files";
			sourceTree = "<group>";
		};
		7055055BC13E533722448A5D /* Frameworks */ = {
			isa = PBXGroup;
			children = (
				9BCE2C9AA31A7EC15EC0F13C /* libPods.a */,
			);
			name = Frameworks;
			sourceTree = "<group>";
		};
		92D5F9BD6DE11AC9C0865404 /* Pods */ = {
			isa = PBXGroup;
			children = (
				C7F4DB604E247CB3D49DB5DC /* Pods.debug.xcconfig */,
				4CBDE850846716D58765EAAB /* Pods.release.xcconfig */,
			);
			name = Pods;
			sourceTree = "<group>";
		};
/* End PBXGroup section */

/* Begin PBXNativeTarget section */
		2FD3E0911AE9F1C200F1A02E /* Sixth */ = {
			isa = PBXNativeTarget;
			buildConfigurationList = 2FD3E0B51AE9F1C300F1A02E /* Build configuration list for PBXNativeTarget "Sixth" */;
			buildPhases = (
				4AB717FD047C22AC04ADF147 /* Check Pods Manifest.lock */,
				2FD3E08E1AE9F1C200F1A02E /* Sources */,
				2FD3E08F1AE9F1C200F1A02E /* Frameworks */,
				2FD3E0901AE9F1C200F1A02E /* Resources */,
				926E1DCE8B6AE070D8C97475 /* Copy Pods Resources */,
			);
			buildRules = (
			);
			dependencies = (
			);
			name = Sixth;
			productName = Sixth;
			productReference = 2FD3E0921AE9F1C200F1A02E /* Sixth.app */;
			productType = "com.apple.product-type.application";
		};
		2FD3E0AA1AE9F1C300F1A02E /* SixthTests */ = {
			isa = PBXNativeTarget;
			buildConfigurationList = 2FD3E0B81AE9F1C300F1A02E /* Build configuration list for PBXNativeTarget "SixthTests" */;
			buildPhases = (
				2FD3E0A71AE9F1C300F1A02E /* Sources */,
				2FD3E0A81AE9F1C300F1A02E /* Frameworks */,
				2FD3E0A91AE9F1C300F1A02E /* Resources */,
			);
			buildRules = (
			);
			dependencies = (
				2FD3E0AD1AE9F1C300F1A02E /* PBXTargetDependency */,
			);
			name = SixthTests;
			productName = SixthTests;
			productReference = 2FD3E0AB1AE9F1C300F1A02E /* SixthTests.xctest */;
			productType = "com.apple.product-type.bundle.unit-test";
		};
/* End PBXNativeTarget section */

/* Begin PBXProject section */
		2FD3E08A1AE9F1C200F1A02E /* Project object */ = {
			isa = PBXProject;
			attributes = {
				LastUpgradeCheck = 0620;
				ORGANIZATIONNAME = CK;
				TargetAttributes = {
					2FD3E0911AE9F1C200F1A02E = {
						CreatedOnToolsVersion = 6.2;
					};
					2FD3E0AA1AE9F1C300F1A02E = {
						CreatedOnToolsVersion = 6.2;
						TestTargetID = 2FD3E0911AE9F1C200F1A02E;
					};
				};
			};
			buildConfigurationList = 2FD3E08D1AE9F1C200F1A02E /* Build configuration list for PBXProject "Sixth" */;
			compatibilityVersion = "Xcode 3.2";
			developmentRegion = English;
			hasScannedForEncodings = 0;
			knownRegions = (
				en,
				Base,
			);
			mainGroup = 2FD3E0891AE9F1C200F1A02E;
			productRefGroup = 2FD3E0931AE9F1C200F1A02E /* Products */;
			projectDirPath = "";
			projectRoot = "";
			targets = (
				2FD3E0911AE9F1C200F1A02E /* Sixth */,
				2FD3E0AA1AE9F1C300F1A02E /* SixthTests */,
			);
		};
/* End PBXProject section */

/* Begin PBXResourcesBuildPhase section */
		2FD3E0901AE9F1C200F1A02E /* Resources */ = {
			isa = PBXResourcesBuildPhase;
			buildActionMask = 2147483647;
			files = (
				2F8E903A1B15A54C008ADC29 /* LoginViewController.xib in Resources */,
				2FD3E0A11AE9F1C300F1A02E /* Main.storyboard in Resources */,
				2FD3E0A61AE9F1C300F1A02E /* LaunchScreen.xib in Resources */,
				2FD3E0A31AE9F1C300F1A02E /* Images.xcassets in Resources */,
				2F8E90351B1578CD008ADC29 /* RegisterViewController.xib in Resources */,
			);
			runOnlyForDeploymentPostprocessing = 0;
		};
		2FD3E0A91AE9F1C300F1A02E /* Resources */ = {
			isa = PBXResourcesBuildPhase;
			buildActionMask = 2147483647;
			files = (
			);
			runOnlyForDeploymentPostprocessing = 0;
		};
/* End PBXResourcesBuildPhase section */

/* Begin PBXShellScriptBuildPhase section */
		4AB717FD047C22AC04ADF147 /* Check Pods Manifest.lock */ = {
			isa = PBXShellScriptBuildPhase;
			buildActionMask = 2147483647;
			files = (
			);
			inputPaths = (
			);
			name = "Check Pods Manifest.lock";
			outputPaths = (
			);
			runOnlyForDeploymentPostprocessing = 0;
			shellPath = /bin/sh;
			shellScript = "diff \"${PODS_ROOT}/../Podfile.lock\" \"${PODS_ROOT}/Manifest.lock\" > /dev/null\nif [[ $? != 0 ]] ; then\n    cat << EOM\nerror: The sandbox is not in sync with the Podfile.lock. Run 'pod install' or update your CocoaPods installation.\nEOM\n    exit 1\nfi\n";
			showEnvVarsInLog = 0;
		};
		926E1DCE8B6AE070D8C97475 /* Copy Pods Resources */ = {
			isa = PBXShellScriptBuildPhase;
			buildActionMask = 2147483647;
			files = (
			);
			inputPaths = (
			);
			name = "Copy Pods Resources";
			outputPaths = (
			);
			runOnlyForDeploymentPostprocessing = 0;
			shellPath = /bin/sh;
			shellScript = "\"${SRCROOT}/Pods/Target Support Files/Pods/Pods-resources.sh\"\n";
			showEnvVarsInLog = 0;
		};
/* End PBXShellScriptBuildPhase section */

/* Begin PBXSourcesBuildPhase section */
		2FD3E08E1AE9F1C200F1A02E /* Sources */ = {
			isa = PBXSourcesBuildPhase;
			buildActionMask = 2147483647;
			files = (
				2FD3E09E1AE9F1C300F1A02E /* ViewController.m in Sources */,
				2FD3E09B1AE9F1C200F1A02E /* AppDelegate.m in Sources */,
				2FD3E0981AE9F1C200F1A02E /* main.m in Sources */,
				2F8E90341B1578CD008ADC29 /* RegisterViewController.m in Sources */,
				2FBD0A961B18474200DACE11 /* UserInfo.m in Sources */,
				2F8E90391B15A54C008ADC29 /* LoginViewController.m in Sources */,
			);
			runOnlyForDeploymentPostprocessing = 0;
		};
		2FD3E0A71AE9F1C300F1A02E /* Sources */ = {
			isa = PBXSourcesBuildPhase;
			buildActionMask = 2147483647;
			files = (
				2FD3E0B21AE9F1C300F1A02E /* SixthTests.m in Sources */,
			);
			runOnlyForDeploymentPostprocessing = 0;
		};
/* End PBXSourcesBuildPhase section */

/* Begin PBXTargetDependency section */
		2FD3E0AD1AE9F1C300F1A02E /* PBXTargetDependency */ = {
			isa = PBXTargetDependency;
			target = 2FD3E0911AE9F1C200F1A02E /* Sixth */;
			targetProxy = 2FD3E0AC1AE9F1C300F1A02E /* PBXContainerItemProxy */;
		};
/* End PBXTargetDependency section */

/* Begin PBXVariantGroup section */
		2FD3E09F1AE9F1C300F1A02E /* Main.storyboard */ = {
			isa = PBXVariantGroup;
			children = (
				2FD3E0A01AE9F1C300F1A02E /* Base */,
			);
			name = Main.storyboard;
			sourceTree = "<group>";
		};
		2FD3E0A41AE9F1C300F1A02E /* LaunchScreen.xib */ = {
			isa = PBXVariantGroup;
			children = (
				2FD3E0A51AE9F1C300F1A02E /* Base */,
			);
			name = LaunchScreen.xib;
			sourceTree = "<group>";
		};
/* End PBXVariantGroup section */

/* Begin XCBuildConfiguration section */
		2FD3E0B31AE9F1C300F1A02E /* Debug */ = {
			isa = XCBuildConfiguration;
			buildSettings = {
				ALWAYS_SEARCH_USER_PATHS = NO;
				CLANG_CXX_LANGUAGE_STANDARD = "gnu++0x";
				CLANG_CXX_LIBRARY = "libc++";
				CLANG_ENABLE_MODULES = YES;
				CLANG_ENABLE_OBJC_ARC = YES;
				CLANG_WARN_BOOL_CONVERSION = YES;
				CLANG_WARN_CONSTANT_CONVERSION = YES;
				CLANG_WARN_DIRECT_OBJC_ISA_USAGE = YES_ERROR;
				CLANG_WARN_EMPTY_BODY = YES;
				CLANG_WARN_ENUM_CONVERSION = YES;
				CLANG_WARN_INT_CONVERSION = YES;
				CLANG_WARN_OBJC_ROOT_CLASS = YES_ERROR;
				CLANG_WARN_UNREACHABLE_CODE = YES;
				CLANG_WARN__DUPLICATE_METHOD_MATCH = YES;
				"CODE_SIGN_IDENTITY[sdk=iphoneos*]" = "iPhone Developer";
				COPY_PHASE_STRIP = NO;
				ENABLE_STRICT_OBJC_MSGSEND = YES;
				GCC_C_LANGUAGE_STANDARD = gnu99;
				GCC_DYNAMIC_NO_PIC = NO;
				GCC_OPTIMIZATION_LEVEL = 0;
				GCC_PREPROCESSOR_DEFINITIONS = (
					"DEBUG=1",
					"$(inherited)",
				);
				GCC_SYMBOLS_PRIVATE_EXTERN = NO;
				GCC_WARN_64_TO_32_BIT_CONVERSION = YES;
				GCC_WARN_ABOUT_RETURN_TYPE = YES_ERROR;
				GCC_WARN_UNDECLARED_SELECTOR = YES;
				GCC_WARN_UNINITIALIZED_AUTOS = YES_AGGRESSIVE;
				GCC_WARN_UNUSED_FUNCTION = YES;
				GCC_WARN_UNUSED_VARIABLE = YES;
				IPHONEOS_DEPLOYMENT_TARGET = 8.2;
				MTL_ENABLE_DEBUG_INFO = YES;
				ONLY_ACTIVE_ARCH = YES;
				SDKROOT = iphoneos;
			};
			name = Debug;
		};
		2FD3E0B41AE9F1C300F1A02E /* Release */ = {
			isa = XCBuildConfiguration;
			buildSettings = {
				ALWAYS_SEARCH_USER_PATHS = NO;
				CLANG_CXX_LANGUAGE_STANDARD = "gnu++0x";
				CLANG_CXX_LIBRARY = "libc++";
				CLANG_ENABLE_MODULES = YES;
				CLANG_ENABLE_OBJC_ARC = YES;
				CLANG_WARN_BOOL_CONVERSION = YES;
				CLANG_WARN_CONSTANT_CONVERSION = YES;
				CLANG_WARN_DIRECT_OBJC_ISA_USAGE = YES_ERROR;
				CLANG_WARN_EMPTY_BODY = YES;
				CLANG_WARN_ENUM_CONVERSION = YES;
				CLANG_WARN_INT_CONVERSION = YES;
				CLANG_WARN_OBJC_ROOT_CLASS = YES_ERROR;
				CLANG_WARN_UNREACHABLE_CODE = YES;
				CLANG_WARN__DUPLICATE_METHOD_MATCH = YES;
				"CODE_SIGN_IDENTITY[sdk=iphoneos*]" = "iPhone Developer";
				COPY_PHASE_STRIP = NO;
				ENABLE_NS_ASSERTIONS = NO;
				ENABLE_STRICT_OBJC_MSGSEND = YES;
				GCC_C_LANGUAGE_STANDARD = gnu99;
				GCC_WARN_64_TO_32_BIT_CONVERSION = YES;
				GCC_WARN_ABOUT_RETURN_TYPE = YES_ERROR;
				GCC_WARN_UNDECLARED_SELECTOR = YES;
				GCC_WARN_UNINITIALIZED_AUTOS = YES_AGGRESSIVE;
				GCC_WARN_UNUSED_FUNCTION = YES;
				GCC_WARN_UNUSED_VARIABLE = YES;
				IPHONEOS_DEPLOYMENT_TARGET = 8.2;
				MTL_ENABLE_DEBUG_INFO = NO;
				SDKROOT = iphoneos;
				VALIDATE_PRODUCT = YES;
			};
			name = Release;
		};
		2FD3E0B61AE9F1C300F1A02E /* Debug */ = {
			isa = XCBuildConfiguration;
			baseConfigurationReference = C7F4DB604E247CB3D49DB5DC /* Pods.debug.xcconfig */;
			buildSettings = {
				ASSETCATALOG_COMPILER_APPICON_NAME = AppIcon;
				INFOPLIST_FILE = Sixth/Info.plist;
				LD_RUNPATH_SEARCH_PATHS = "$(inherited) @executable_path/Frameworks";
				PRODUCT_NAME = "$(TARGET_NAME)";
			};
			name = Debug;
		};
		2FD3E0B71AE9F1C300F1A02E /* Release */ = {
			isa = XCBuildConfiguration;
			baseConfigurationReference = 4CBDE850846716D58765EAAB /* Pods.release.xcconfig */;
			buildSettings = {
				ASSETCATALOG_COMPILER_APPICON_NAME = AppIcon;
				INFOPLIST_FILE = Sixth/Info.plist;
				LD_RUNPATH_SEARCH_PATHS = "$(inherited) @executable_path/Frameworks";
				PRODUCT_NAME = "$(TARGET_NAME)";
			};
			name = Release;
		};
		2FD3E0B91AE9F1C300F1A02E /* Debug */ = {
			isa = XCBuildConfiguration;
			buildSettings = {
				BUNDLE_LOADER = "$(TEST_HOST)";
				FRAMEWORK_SEARCH_PATHS = (
					"$(SDKROOT)/Developer/Library/Frameworks",
					"$(inherited)",
				);
				GCC_PREPROCESSOR_DEFINITIONS = (
					"DEBUG=1",
					"$(inherited)",
				);
				INFOPLIST_FILE = SixthTests/Info.plist;
				LD_RUNPATH_SEARCH_PATHS = "$(inherited) @executable_path/Frameworks @loader_path/Frameworks";
				PRODUCT_NAME = "$(TARGET_NAME)";
				TEST_HOST = "$(BUILT_PRODUCTS_DIR)/Sixth.app/Sixth";
			};
			name = Debug;
		};
		2FD3E0BA1AE9F1C300F1A02E /* Release */ = {
			isa = XCBuildConfiguration;
			buildSettings = {
				BUNDLE_LOADER = "$(TEST_HOST)";
				FRAMEWORK_SEARCH_PATHS = (
					"$(SDKROOT)/Developer/Library/Frameworks",
					"$(inherited)",
				);
				INFOPLIST_FILE = SixthTests/Info.plist;
				LD_RUNPATH_SEARCH_PATHS = "$(inherited) @executable_path/Frameworks @loader_path/Frameworks";
				PRODUCT_NAME = "$(TARGET_NAME)";
				TEST_HOST = "$(BUILT_PRODUCTS_DIR)/Sixth.app/Sixth";
			};
			name = Release;
		};
/* End XCBuildConfiguration section */

/* Begin XCConfigurationList section */
		2FD3E08D1AE9F1C200F1A02E /* Build configuration list for PBXProject "Sixth" */ = {
			isa = XCConfigurationList;
			buildConfigurations = (
				2FD3E0B31AE9F1C300F1A02E /* Debug */,
				2FD3E0B41AE9F1C300F1A02E /* Release */,
			);
			defaultConfigurationIsVisible = 0;
			defaultConfigurationName = Release;
		};
		2FD3E0B51AE9F1C300F1A02E /* Build configuration list for PBXNativeTarget "Sixth" */ = {
			isa = XCConfigurationList;
			buildConfigurations = (
				2FD3E0B61AE9F1C300F1A02E /* Debug */,
				2FD3E0B71AE9F1C300F1A02E /* Release */,
			);
			defaultConfigurationIsVisible = 0;
			defaultConfigurationName = Release;
		};
		2FD3E0B81AE9F1C300F1A02E /* Build configuration list for PBXNativeTarget "SixthTests" */ = {
			isa = XCConfigurationList;
			buildConfigurations = (
				2FD3E0B91AE9F1C300F1A02E /* Debug */,
				2FD3E0BA1AE9F1C300F1A02E /* Release */,
			);
			defaultConfigurationIsVisible = 0;
			defaultConfigurationName = Release;
		};
/* End XCConfigurationList section */
	};
	rootObject = 2FD3E08A1AE9F1C200F1A02E /* Project object */;
}
